
Microsoft Visual Studio Solution File, Format Version 12.00
# Visual Studio Version 17
VisualStudioVersion = 17.4.33110.190
MinimumVisualStudioVersion = 10.0.40219.1
Project("{FAE04EC0-301F-11D3-BF4B-00C04F79EFBC}") = "infotech2.OneClass", "infotech2.OneClass\infotech2.OneClass.csproj", "{BADF7977-30A8-49C0-BDE9-B001E618B255}"
EndProject
Global
	GlobalSection(SolutionConfigurationPlatforms) = preSolution
		Debug|Any CPU = Debug|Any CPU
		Release|Any CPU = Release|Any CPU
	EndGlobalSection
	GlobalSection(ProjectConfigurationPlatforms) = postSolution
		{BADF7977-30A8-49C0-BDE9-B001E618B255}.Debug|Any CPU.ActiveCfg = Debug|Any CPU
		{BADF7977-30A8-49C0-BDE9-B001E618B255}.Debug|Any CPU.Build.0 = Debug|Any CPU
		{BADF7977-30A8-49C0-BDE9-B001E618B255}.Release|Any CPU.ActiveCfg = Release|Any CPU
		{BADF7977-30A8-49C0-BDE9-B001E618B255}.Release|Any CPU.Build.0 = Release|Any CPU
	EndGlobalSection
	GlobalSection(SolutionProperties) = preSolution
		HideSolutionNode = FALSE
	EndGlobalSection
	GlobalSection(ExtensibilityGlobals) = postSolution
		SolutionGuid = {A8161D5F-1368-42FF-B27B-782FAE4080BA}
	EndGlobalSection
EndGlobal
